
Microsoft Visual Studio Solution File, Format Version 12.00
# Visual Studio Version 16
VisualStudioVersion = 16.0.28803.202
MinimumVisualStudioVersion = 10.0.40219.1
Project("{9A19103F-16F7-4668-BE54-9A1E7A4F7556}") = "Emails", "Emails\Emails.csproj", "{D52EDFC1-287E-493A-A488-4B159E0111E3}"
EndProject
Project("{9A19103F-16F7-4668-BE54-9A1E7A4F7556}") = "ConsoleApp.NetCore", "ConsoleApp.NetCore\ConsoleApp.NetCore.csproj", "{34B11A79-75E3-4FC4-B009-35271C45549C}"
EndProject
Project("{FAE04EC0-301F-11D3-BF4B-00C04F79EFBC}") = "ConsoleApp.NetFramework", "ConsoleApp.NetFramework\ConsoleApp.NetFramework.csproj", "{1726B742-356E-4B02-BC19-8ABC075D3831}"
EndProject
Project("{FAE04EC0-301F-11D3-BF4B-00C04F79EFBC}") = "WebApp.NetCore", "WebApp.NetCore\WebApp.NetCore.csproj", "{C1D7EED1-DE82-4066-93D4-87E2C5E51A2D}"
EndProject
Project("{FAE04EC0-301F-11D3-BF4B-00C04F79EFBC}") = "WebApp.NetFramework", "WebApp.NetFramework\WebApp.NetFramework.csproj", "{220F50C7-4EAD-4263-BBEC-17648412EC59}"
EndProject
Global
	GlobalSection(SolutionConfigurationPlatforms) = preSolution
		Debug|Any CPU = Debug|Any CPU
		Release|Any CPU = Release|Any CPU
	EndGlobalSection
	GlobalSection(ProjectConfigurationPlatforms) = postSolution
		{D52EDFC1-287E-493A-A488-4B159E0111E3}.Debug|Any CPU.ActiveCfg = Debug|Any CPU
		{D52EDFC1-287E-493A-A488-4B159E0111E3}.Debug|Any CPU.Build.0 = Debug|Any CPU
		{D52EDFC1-287E-493A-A488-4B159E0111E3}.Release|Any CPU.ActiveCfg = Release|Any CPU
		{D52EDFC1-287E-493A-A488-4B159E0111E3}.Release|Any CPU.Build.0 = Release|Any CPU
		{34B11A79-75E3-4FC4-B009-35271C45549C}.Debug|Any CPU.ActiveCfg = Debug|Any CPU
		{34B11A79-75E3-4FC4-B009-35271C45549C}.Debug|Any CPU.Build.0 = Debug|Any CPU
		{34B11A79-75E3-4FC4-B009-35271C45549C}.Release|Any CPU.ActiveCfg = Release|Any CPU
		{34B11A79-75E3-4FC4-B009-35271C45549C}.Release|Any CPU.Build.0 = Release|Any CPU
		{1726B742-356E-4B02-BC19-8ABC075D3831}.Debug|Any CPU.ActiveCfg = Debug|Any CPU
		{1726B742-356E-4B02-BC19-8ABC075D3831}.Debug|Any CPU.Build.0 = Debug|Any CPU
		{1726B742-356E-4B02-BC19-8ABC075D3831}.Release|Any CPU.ActiveCfg = Release|Any CPU
		{1726B742-356E-4B02-BC19-8ABC075D3831}.Release|Any CPU.Build.0 = Release|Any CPU
		{C1D7EED1-DE82-4066-93D4-87E2C5E51A2D}.Debug|Any CPU.ActiveCfg = Debug|Any CPU
		{C1D7EED1-DE82-4066-93D4-87E2C5E51A2D}.Debug|Any CPU.Build.0 = Debug|Any CPU
		{C1D7EED1-DE82-4066-93D4-87E2C5E51A2D}.Release|Any CPU.ActiveCfg = Release|Any CPU
		{C1D7EED1-DE82-4066-93D4-87E2C5E51A2D}.Release|Any CPU.Build.0 = Release|Any CPU
		{220F50C7-4EAD-4263-BBEC-17648412EC59}.Debug|Any CPU.ActiveCfg = Debug|Any CPU
		{220F50C7-4EAD-4263-BBEC-17648412EC59}.Debug|Any CPU.Build.0 = Debug|Any CPU
		{220F50C7-4EAD-4263-BBEC-17648412EC59}.Release|Any CPU.ActiveCfg = Release|Any CPU
		{220F50C7-4EAD-4263-BBEC-17648412EC59}.Release|Any CPU.Build.0 = Release|Any CPU
	EndGlobalSection
	GlobalSection(SolutionProperties) = preSolution
		HideSolutionNode = FALSE
	EndGlobalSection
	GlobalSection(ExtensibilityGlobals) = postSolution
		SolutionGuid = {ABBE38EE-800F-4F5C-BD44-DF3A595808DB}
	EndGlobalSection
EndGlobal
